PODS:
  - SnapKit (3.0.2)

DEPENDENCIES:
  - SnapKit (from `https://github.com/SnapKit/SnapKit.git`)

EXTERNAL SOURCES:
  SnapKit:
    :git: https://github.com/SnapKit/SnapKit.git

CHECKOUT OPTIONS:
  SnapKit:
    :commit: cfa5e8cb5b38c2cb38bb8bc373a07dd5ae04eddb
    :git: https://github.com/SnapKit/SnapKit.git

SPEC CHECKSUMS:
  SnapKit: 2e456761aa92d4d4067a7a5594c18769d451a8ad

PODFILE CHECKSUM: b94271ee9c7d0677d157ab4fa6f90c03cab98d00

COCOAPODS: 1.1.0.beta.2
